
Microsoft Visual Studio Solution File, Format Version 12.00
# Visual Studio Version 16
VisualStudioVersion = 16.0.31624.102
MinimumVisualStudioVersion = 10.0.40219.1
Project("{9A19103F-16F7-4668-BE54-9A1E7A4F7556}") = "ChallangeManager", "ChallangeManager\ChallangeManager.csproj", "{84CC1626-BC03-43DD-B273-5FE40DE2C896}"
EndProject
Project("{FAE04EC0-301F-11D3-BF4B-00C04F79EFBC}") = "NotificationService", "NotificationService\NotificationService.csproj", "{9A061479-2487-4759-A807-366DDAEEC99A}"
EndProject
Global
	GlobalSection(SolutionConfigurationPlatforms) = preSolution
		Debug|Any CPU = Debug|Any CPU
		Release|Any CPU = Release|Any CPU
	EndGlobalSection
	GlobalSection(ProjectConfigurationPlatforms) = postSolution
		{84CC1626-BC03-43DD-B273-5FE40DE2C896}.Debug|Any CPU.ActiveCfg = Debug|Any CPU
		{84CC1626-BC03-43DD-B273-5FE40DE2C896}.Debug|Any CPU.Build.0 = Debug|Any CPU
		{84CC1626-BC03-43DD-B273-5FE40DE2C896}.Release|Any CPU.ActiveCfg = Release|Any CPU
		{84CC1626-BC03-43DD-B273-5FE40DE2C896}.Release|Any CPU.Build.0 = Release|Any CPU
		{9A061479-2487-4759-A807-366DDAEEC99A}.Debug|Any CPU.ActiveCfg = Debug|Any CPU
		{9A061479-2487-4759-A807-366DDAEEC99A}.Debug|Any CPU.Build.0 = Debug|Any CPU
		{9A061479-2487-4759-A807-366DDAEEC99A}.Release|Any CPU.ActiveCfg = Release|Any CPU
		{9A061479-2487-4759-A807-366DDAEEC99A}.Release|Any CPU.Build.0 = Release|Any CPU
	EndGlobalSection
	GlobalSection(SolutionProperties) = preSolution
		HideSolutionNode = FALSE
	EndGlobalSection
	GlobalSection(ExtensibilityGlobals) = postSolution
		SolutionGuid = {F745759D-EB85-49E4-BCE2-7E69C34F310B}
	EndGlobalSection
EndGlobal
